// !$*UTF8*$!
{
	archiveVersion = 1;
	classes = {
	};
	objectVersion = 50;
	objects = {

/* Begin PBXBuildFile section */
		901532BD221830A2000A360C /* CreditCardView+Setup.swift in Sources */ = {isa = PBXBuildFile; fileRef = 901532BC221830A2000A360C /* CreditCardView+Setup.swift */; };
		901532BF22183A3F000A360C /* CreditCardValidator.swift in Sources */ = {isa = PBXBuildFile; fileRef = 901532BE22183A3F000A360C /* CreditCardValidator.swift */; };
		901532C122184123000A360C /* CreditCardValidator+String.swift in Sources */ = {isa = PBXBuildFile; fileRef = 901532C022184123000A360C /* CreditCardValidator+String.swift */; };
		904A8BEA2216D2ED0099D518 /* AKMaskFieldBlockCharacter.swift in Sources */ = {isa = PBXBuildFile; fileRef = 904A8BE22216D2ED0099D518 /* AKMaskFieldBlockCharacter.swift */; };
		904A8BEB2216D2ED0099D518 /* AKMaskFieldEvent.swift in Sources */ = {isa = PBXBuildFile; fileRef = 904A8BE32216D2ED0099D518 /* AKMaskFieldEvent.swift */; };
		904A8BEC2216D2ED0099D518 /* AKMaskFieldUtility.swift in Sources */ = {isa = PBXBuildFile; fileRef = 904A8BE42216D2ED0099D518 /* AKMaskFieldUtility.swift */; };
		904A8BED2216D2ED0099D518 /* AKMaskField.swift in Sources */ = {isa = PBXBuildFile; fileRef = 904A8BE52216D2ED0099D518 /* AKMaskField.swift */; };
		904A8BEE2216D2ED0099D518 /* AKMaskFieldBrackets.swift in Sources */ = {isa = PBXBuildFile; fileRef = 904A8BE62216D2ED0099D518 /* AKMaskFieldBrackets.swift */; };
		904A8BEF2216D2ED0099D518 /* AKMaskFieldPatternCharacter.swift in Sources */ = {isa = PBXBuildFile; fileRef = 904A8BE72216D2ED0099D518 /* AKMaskFieldPatternCharacter.swift */; };
		904A8BF02216D2ED0099D518 /* AKMaskFieldStatus.swift in Sources */ = {isa = PBXBuildFile; fileRef = 904A8BE82216D2ED0099D518 /* AKMaskFieldStatus.swift */; };
		904A8BF12216D2ED0099D518 /* AKMaskFieldBlock.swift in Sources */ = {isa = PBXBuildFile; fileRef = 904A8BE92216D2ED0099D518 /* AKMaskFieldBlock.swift */; };
		905F9F5B2215544B0031AAA2 /* AppDelegate.swift in Sources */ = {isa = PBXBuildFile; fileRef = 905F9F5A2215544B0031AAA2 /* AppDelegate.swift */; };
		905F9F622215544D0031AAA2 /* Assets.xcassets in Resources */ = {isa = PBXBuildFile; fileRef = 905F9F612215544D0031AAA2 /* Assets.xcassets */; };
		905F9F652215544D0031AAA2 /* LaunchScreen.storyboard in Resources */ = {isa = PBXBuildFile; fileRef = 905F9F632215544D0031AAA2 /* LaunchScreen.storyboard */; };
		905F9F702215544D0031AAA2 /* CreditCardValidatorTests.swift in Sources */ = {isa = PBXBuildFile; fileRef = 905F9F6F2215544D0031AAA2 /* CreditCardValidatorTests.swift */; };
		909AEE9D221ACEC000873669 /* CreditCardView+TextFieldDelegate.swift in Sources */ = {isa = PBXBuildFile; fileRef = 909AEE9C221ACEC000873669 /* CreditCardView+TextFieldDelegate.swift */; };
		909AEE9F221ACF4200873669 /* CreditCardView+ColorGradient.swift in Sources */ = {isa = PBXBuildFile; fileRef = 909AEE9E221ACF4200873669 /* CreditCardView+ColorGradient.swift */; };
		90B34EC422156C580073C23E /* BaseViewController.swift in Sources */ = {isa = PBXBuildFile; fileRef = 90B34EC322156C580073C23E /* BaseViewController.swift */; };
		90B34EC722156D020073C23E /* BaseView.storyboard in Resources */ = {isa = PBXBuildFile; fileRef = 90B34EC622156D020073C23E /* BaseView.storyboard */; };
		90B34ECA221575500073C23E /* CreditCardView.swift in Sources */ = {isa = PBXBuildFile; fileRef = 90B34EC9221575500073C23E /* CreditCardView.swift */; };
		90B34ECD221690650073C23E /* CreditCardEntity.swift in Sources */ = {isa = PBXBuildFile; fileRef = 90B34ECC221690650073C23E /* CreditCardEntity.swift */; };
		90B34ED022169EBB0073C23E /* CreditCardUtility.swift in Sources */ = {isa = PBXBuildFile; fileRef = 90B34ECF22169EBB0073C23E /* CreditCardUtility.swift */; };
/* End PBXBuildFile section */

/* Begin PBXContainerItemProxy section */
		905F9F6C2215544D0031AAA2 /* PBXContainerItemProxy */ = {
			isa = PBXContainerItemProxy;
			containerPortal = 905F9F4F2215544B0031AAA2 /* Project object */;
			proxyType = 1;
			remoteGlobalIDString = 905F9F562215544B0031AAA2;
			remoteInfo = CreditCardValidator;
		};
/* End PBXContainerItemProxy section */

/* Begin PBXFileReference section */
		901532BC221830A2000A360C /* CreditCardView+Setup.swift */ = {isa = PBXFileReference; lastKnownFileType = sourcecode.swift; path = "CreditCardView+Setup.swift"; sourceTree = "<group>"; };
		901532BE22183A3F000A360C /* CreditCardValidator.swift */ = {isa = PBXFileReference; lastKnownFileType = sourcecode.swift; path = CreditCardValidator.swift; sourceTree = "<group>"; };
		901532C022184123000A360C /* CreditCardValidator+String.swift */ = {isa = PBXFileReference; lastKnownFileType = sourcecode.swift; path = "CreditCardValidator+String.swift"; sourceTree = "<group>"; };
		904A8BE22216D2ED0099D518 /* AKMaskFieldBlockCharacter.swift */ = {isa = PBXFileReference; fileEncoding = 4; lastKnownFileType = sourcecode.swift; path = AKMaskFieldBlockCharacter.swift; sourceTree = "<group>"; };
		904A8BE32216D2ED0099D518 /* AKMaskFieldEvent.swift */ = {isa = PBXFileReference; fileEncoding = 4; lastKnownFileType = sourcecode.swift; path = AKMaskFieldEvent.swift; sourceTree = "<group>"; };
		904A8BE42216D2ED0099D518 /* AKMaskFieldUtility.swift */ = {isa = PBXFileReference; fileEncoding = 4; lastKnownFileType = sourcecode.swift; path = AKMaskFieldUtility.swift; sourceTree = "<group>"; };
		904A8BE52216D2ED0099D518 /* AKMaskField.swift */ = {isa = PBXFileReference; fileEncoding = 4; lastKnownFileType = sourcecode.swift; path = AKMaskField.swift; sourceTree = "<group>"; };
		904A8BE62216D2ED0099D518 /* AKMaskFieldBrackets.swift */ = {isa = PBXFileReference; fileEncoding = 4; lastKnownFileType = sourcecode.swift; path = AKMaskFieldBrackets.swift; sourceTree = "<group>"; };
		904A8BE72216D2ED0099D518 /* AKMaskFieldPatternCharacter.swift */ = {isa = PBXFileReference; fileEncoding = 4; lastKnownFileType = sourcecode.swift; path = AKMaskFieldPatternCharacter.swift; sourceTree = "<group>"; };
		904A8BE82216D2ED0099D518 /* AKMaskFieldStatus.swift */ = {isa = PBXFileReference; fileEncoding = 4; lastKnownFileType = sourcecode.swift; path = AKMaskFieldStatus.swift; sourceTree = "<group>"; };
		904A8BE92216D2ED0099D518 /* AKMaskFieldBlock.swift */ = {isa = PBXFileReference; fileEncoding = 4; lastKnownFileType = sourcecode.swift; path = AKMaskFieldBlock.swift; sourceTree = "<group>"; };
		905F9F572215544B0031AAA2 /* CreditCardValidator.app */ = {isa = PBXFileReference; explicitFileType = wrapper.application; includeInIndex = 0; path = CreditCardValidator.app; sourceTree = BUILT_PRODUCTS_DIR; };
		905F9F5A2215544B0031AAA2 /* AppDelegate.swift */ = {isa = PBXFileReference; lastKnownFileType = sourcecode.swift; path = AppDelegate.swift; sourceTree = "<group>"; };
		905F9F612215544D0031AAA2 /* Assets.xcassets */ = {isa = PBXFileReference; lastKnownFileType = folder.assetcatalog; name = Assets.xcassets; path = CreditCardValidator/Assets/Assets.xcassets; sourceTree = SOURCE_ROOT; };
		905F9F642215544D0031AAA2 /* Base */ = {isa = PBXFileReference; lastKnownFileType = file.storyboard; name = Base; path = Base.lproj/LaunchScreen.storyboard; sourceTree = "<group>"; };
		905F9F662215544D0031AAA2 /* Info.plist */ = {isa = PBXFileReference; lastKnownFileType = text.plist.xml; path = Info.plist; sourceTree = "<group>"; };
		905F9F6B2215544D0031AAA2 /* CreditCardValidatorTests.xctest */ = {isa = PBXFileReference; explicitFileType = wrapper.cfbundle; includeInIndex = 0; path = CreditCardValidatorTests.xctest; sourceTree = BUILT_PRODUCTS_DIR; };
		905F9F6F2215544D0031AAA2 /* CreditCardValidatorTests.swift */ = {isa = PBXFileReference; lastKnownFileType = sourcecode.swift; path = CreditCardValidatorTests.swift; sourceTree = "<group>"; };
		905F9F712215544D0031AAA2 /* Info.plist */ = {isa = PBXFileReference; lastKnownFileType = text.plist.xml; path = Info.plist; sourceTree = "<group>"; };
		909AEE9C221ACEC000873669 /* CreditCardView+TextFieldDelegate.swift */ = {isa = PBXFileReference; lastKnownFileType = sourcecode.swift; path = "CreditCardView+TextFieldDelegate.swift"; sourceTree = "<group>"; };
		909AEE9E221ACF4200873669 /* CreditCardView+ColorGradient.swift */ = {isa = PBXFileReference; lastKnownFileType = sourcecode.swift; path = "CreditCardView+ColorGradient.swift"; sourceTree = "<group>"; };
		90B34EC322156C580073C23E /* BaseViewController.swift */ = {isa = PBXFileReference; lastKnownFileType = sourcecode.swift; path = BaseViewController.swift; sourceTree = "<group>"; };
		90B34EC622156D020073C23E /* BaseView.storyboard */ = {isa = PBXFileReference; lastKnownFileType = file.storyboard; name = BaseView.storyboard; path = CreditCardValidator/StoryBoards/BaseView.storyboard; sourceTree = SOURCE_ROOT; };
		90B34EC9221575500073C23E /* CreditCardView.swift */ = {isa = PBXFileReference; lastKnownFileType = sourcecode.swift; path = CreditCardView.swift; sourceTree = "<group>"; };
		90B34ECC221690650073C23E /* CreditCardEntity.swift */ = {isa = PBXFileReference; lastKnownFileType = sourcecode.swift; path = CreditCardEntity.swift; sourceTree = "<group>"; };
		90B34ECF22169EBB0073C23E /* CreditCardUtility.swift */ = {isa = PBXFileReference; lastKnownFileType = sourcecode.swift; path = CreditCardUtility.swift; sourceTree = "<group>"; };
/* End PBXFileReference section */

/* Begin PBXFrameworksBuildPhase section */
		905F9F542215544B0031AAA2 /* Frameworks */ = {
			isa = PBXFrameworksBuildPhase;
			buildActionMask = 2147483647;
			files = (
			);
			runOnlyForDeploymentPostprocessing = 0;
		};
		905F9F682215544D0031AAA2 /* Frameworks */ = {
			isa = PBXFrameworksBuildPhase;
			buildActionMask = 2147483647;
			files = (
			);
			runOnlyForDeploymentPostprocessing = 0;
		};
/* End PBXFrameworksBuildPhase section */

/* Begin PBXGroup section */
		904A8BE12216D2BD0099D518 /* Helper */ = {
			isa = PBXGroup;
			children = (
				904A8BF22216D30B0099D518 /* AKMaskField */,
			);
			path = Helper;
			sourceTree = "<group>";
		};
		904A8BF22216D30B0099D518 /* AKMaskField */ = {
			isa = PBXGroup;
			children = (
				904A8BE52216D2ED0099D518 /* AKMaskField.swift */,
				904A8BE92216D2ED0099D518 /* AKMaskFieldBlock.swift */,
				904A8BE22216D2ED0099D518 /* AKMaskFieldBlockCharacter.swift */,
				904A8BE62216D2ED0099D518 /* AKMaskFieldBrackets.swift */,
				904A8BE32216D2ED0099D518 /* AKMaskFieldEvent.swift */,
				904A8BE72216D2ED0099D518 /* AKMaskFieldPatternCharacter.swift */,
				904A8BE82216D2ED0099D518 /* AKMaskFieldStatus.swift */,
				904A8BE42216D2ED0099D518 /* AKMaskFieldUtility.swift */,
			);
			path = AKMaskField;
			sourceTree = "<group>";
		};
		905F9F4E2215544B0031AAA2 = {
			isa = PBXGroup;
			children = (
				905F9F592215544B0031AAA2 /* CreditCardValidator */,
				905F9F6E2215544D0031AAA2 /* CreditCardValidatorTests */,
				905F9F582215544B0031AAA2 /* Products */,
			);
			sourceTree = "<group>";
		};
		905F9F582215544B0031AAA2 /* Products */ = {
			isa = PBXGroup;
			children = (
				905F9F572215544B0031AAA2 /* CreditCardValidator.app */,
				905F9F6B2215544D0031AAA2 /* CreditCardValidatorTests.xctest */,
			);
			name = Products;
			sourceTree = "<group>";
		};
		905F9F592215544B0031AAA2 /* CreditCardValidator */ = {
			isa = PBXGroup;
			children = (
				905F9F5A2215544B0031AAA2 /* AppDelegate.swift */,
				905F9F662215544D0031AAA2 /* Info.plist */,
				90B34ECB221690430073C23E /* Entity */,
				90B34EC122156C0B0073C23E /* Controller */,
				90B34EC222156C1A0073C23E /* View */,
				90B34EC522156CB30073C23E /* StoryBoards */,
				909AEE9B2218442E00873669 /* CardValidator */,
				90B34ECE22169EA10073C23E /* Utility */,
				904A8BE12216D2BD0099D518 /* Helper */,
				90B34EC822156E910073C23E /* Assets */,
			);
			path = CreditCardValidator;
			sourceTree = "<group>";
		};
		905F9F6E2215544D0031AAA2 /* CreditCardValidatorTests */ = {
			isa = PBXGroup;
			children = (
				905F9F6F2215544D0031AAA2 /* CreditCardValidatorTests.swift */,
				905F9F712215544D0031AAA2 /* Info.plist */,
			);
			path = CreditCardValidatorTests;
			sourceTree = "<group>";
		};
		909AEE9B2218442E00873669 /* CardValidator */ = {
			isa = PBXGroup;
			children = (
				901532BE22183A3F000A360C /* CreditCardValidator.swift */,
				901532C022184123000A360C /* CreditCardValidator+String.swift */,
			);
			path = CardValidator;
			sourceTree = "<group>";
		};
		90B34EC122156C0B0073C23E /* Controller */ = {
			isa = PBXGroup;
			children = (
				90B34EC322156C580073C23E /* BaseViewController.swift */,
			);
			path = Controller;
			sourceTree = "<group>";
		};
		90B34EC222156C1A0073C23E /* View */ = {
			isa = PBXGroup;
			children = (
				90B34EC9221575500073C23E /* CreditCardView.swift */,
				901532BC221830A2000A360C /* CreditCardView+Setup.swift */,
				909AEE9C221ACEC000873669 /* CreditCardView+TextFieldDelegate.swift */,
				909AEE9E221ACF4200873669 /* CreditCardView+ColorGradient.swift */,
			);
			path = View;
			sourceTree = "<group>";
		};
		90B34EC522156CB30073C23E /* StoryBoards */ = {
			isa = PBXGroup;
			children = (
				905F9F632215544D0031AAA2 /* LaunchScreen.storyboard */,
				90B34EC622156D020073C23E /* BaseView.storyboard */,
			);
			path = StoryBoards;
			sourceTree = "<group>";
		};
		90B34EC822156E910073C23E /* Assets */ = {
			isa = PBXGroup;
			children = (
				905F9F612215544D0031AAA2 /* Assets.xcassets */,
			);
			path = Assets;
			sourceTree = "<group>";
		};
		90B34ECB221690430073C23E /* Entity */ = {
			isa = PBXGroup;
			children = (
				90B34ECC221690650073C23E /* CreditCardEntity.swift */,
			);
			path = Entity;
			sourceTree = "<group>";
		};
		90B34ECE22169EA10073C23E /* Utility */ = {
			isa = PBXGroup;
			children = (
				90B34ECF22169EBB0073C23E /* CreditCardUtility.swift */,
			);
			path = Utility;
			sourceTree = "<group>";
		};
/* End PBXGroup section */

/* Begin PBXNativeTarget section */
		905F9F562215544B0031AAA2 /* CreditCardValidator */ = {
			isa = PBXNativeTarget;
			buildConfigurationList = 905F9F742215544D0031AAA2 /* Build configuration list for PBXNativeTarget "CreditCardValidator" */;
			buildPhases = (
				905F9F532215544B0031AAA2 /* Sources */,
				905F9F542215544B0031AAA2 /* Frameworks */,
				905F9F552215544B0031AAA2 /* Resources */,
			);
			buildRules = (
			);
			dependencies = (
			);
			name = CreditCardValidator;
			productName = CreditCardValidator;
			productReference = 905F9F572215544B0031AAA2 /* CreditCardValidator.app */;
			productType = "com.apple.product-type.application";
		};
		905F9F6A2215544D0031AAA2 /* CreditCardValidatorTests */ = {
			isa = PBXNativeTarget;
			buildConfigurationList = 905F9F772215544D0031AAA2 /* Build configuration list for PBXNativeTarget "CreditCardValidatorTests" */;
			buildPhases = (
				905F9F672215544D0031AAA2 /* Sources */,
				905F9F682215544D0031AAA2 /* Frameworks */,
				905F9F692215544D0031AAA2 /* Resources */,
			);
			buildRules = (
			);
			dependencies = (
				905F9F6D2215544D0031AAA2 /* PBXTargetDependency */,
			);
			name = CreditCardValidatorTests;
			productName = CreditCardValidatorTests;
			productReference = 905F9F6B2215544D0031AAA2 /* CreditCardValidatorTests.xctest */;
			productType = "com.apple.product-type.bundle.unit-test";
		};
/* End PBXNativeTarget section */

/* Begin PBXProject section */
		905F9F4F2215544B0031AAA2 /* Project object */ = {
			isa = PBXProject;
			attributes = {
				LastSwiftUpdateCheck = 1000;
				LastUpgradeCheck = 1000;
				ORGANIZATIONNAME = "Banerjee,Subhodip";
				TargetAttributes = {
					905F9F562215544B0031AAA2 = {
						CreatedOnToolsVersion = 10.0;
					};
					905F9F6A2215544D0031AAA2 = {
						CreatedOnToolsVersion = 10.0;
						TestTargetID = 905F9F562215544B0031AAA2;
					};
				};
			};
			buildConfigurationList = 905F9F522215544B0031AAA2 /* Build configuration list for PBXProject "CreditCardValidator" */;
			compatibilityVersion = "Xcode 9.3";
			developmentRegion = en;
			hasScannedForEncodings = 0;
			knownRegions = (
				en,
				Base,
			);
			mainGroup = 905F9F4E2215544B0031AAA2;
			productRefGroup = 905F9F582215544B0031AAA2 /* Products */;
			projectDirPath = "";
			projectRoot = "";
			targets = (
				905F9F562215544B0031AAA2 /* CreditCardValidator */,
				905F9F6A2215544D0031AAA2 /* CreditCardValidatorTests */,
			);
		};
/* End PBXProject section */

/* Begin PBXResourcesBuildPhase section */
		905F9F552215544B0031AAA2 /* Resources */ = {
			isa = PBXResourcesBuildPhase;
			buildActionMask = 2147483647;
			files = (
				905F9F652215544D0031AAA2 /* LaunchScreen.storyboard in Resources */,
				90B34EC722156D020073C23E /* BaseView.storyboard in Resources */,
				905F9F622215544D0031AAA2 /* Assets.xcassets in Resources */,
			);
			runOnlyForDeploymentPostprocessing = 0;
		};
		905F9F692215544D0031AAA2 /* Resources */ = {
			isa = PBXResourcesBuildPhase;
			buildActionMask = 2147483647;
			files = (
			);
			runOnlyForDeploymentPostprocessing = 0;
		};
/* End PBXResourcesBuildPhase section */

/* Begin PBXSourcesBuildPhase section */
		905F9F532215544B0031AAA2 /* Sources */ = {
			isa = PBXSourcesBuildPhase;
			buildActionMask = 2147483647;
			files = (
				901532C122184123000A360C /* CreditCardValidator+String.swift in Sources */,
				909AEE9F221ACF4200873669 /* CreditCardView+ColorGradient.swift in Sources */,
				904A8BEB2216D2ED0099D518 /* AKMaskFieldEvent.swift in Sources */,
				904A8BF12216D2ED0099D518 /* AKMaskFieldBlock.swift in Sources */,
				904A8BEE2216D2ED0099D518 /* AKMaskFieldBrackets.swift in Sources */,
				905F9F5B2215544B0031AAA2 /* AppDelegate.swift in Sources */,
				90B34ED022169EBB0073C23E /* CreditCardUtility.swift in Sources */,
				904A8BEC2216D2ED0099D518 /* AKMaskFieldUtility.swift in Sources */,
				904A8BEA2216D2ED0099D518 /* AKMaskFieldBlockCharacter.swift in Sources */,
				901532BD221830A2000A360C /* CreditCardView+Setup.swift in Sources */,
				901532BF22183A3F000A360C /* CreditCardValidator.swift in Sources */,
				904A8BED2216D2ED0099D518 /* AKMaskField.swift in Sources */,
				909AEE9D221ACEC000873669 /* CreditCardView+TextFieldDelegate.swift in Sources */,
				90B34EC422156C580073C23E /* BaseViewController.swift in Sources */,
				90B34ECA221575500073C23E /* CreditCardView.swift in Sources */,
				904A8BEF2216D2ED0099D518 /* AKMaskFieldPatternCharacter.swift in Sources */,
				904A8BF02216D2ED0099D518 /* AKMaskFieldStatus.swift in Sources */,
				90B34ECD221690650073C23E /* CreditCardEntity.swift in Sources */,
			);
			runOnlyForDeploymentPostprocessing = 0;
		};
		905F9F672215544D0031AAA2 /* Sources */ = {
			isa = PBXSourcesBuildPhase;
			buildActionMask = 2147483647;
			files = (
				905F9F702215544D0031AAA2 /* CreditCardValidatorTests.swift in Sources */,
			);
			runOnlyForDeploymentPostprocessing = 0;
		};
/* End PBXSourcesBuildPhase section */

/* Begin PBXTargetDependency section */
		905F9F6D2215544D0031AAA2 /* PBXTargetDependency */ = {
			isa = PBXTargetDependency;
			target = 905F9F562215544B0031AAA2 /* CreditCardValidator */;
			targetProxy = 905F9F6C2215544D0031AAA2 /* PBXContainerItemProxy */;
		};
/* End PBXTargetDependency section */

/* Begin PBXVariantGroup section */
		905F9F632215544D0031AAA2 /* LaunchScreen.storyboard */ = {
			isa = PBXVariantGroup;
			children = (
				905F9F642215544D0031AAA2 /* Base */,
			);
			name = LaunchScreen.storyboard;
			sourceTree = "<group>";
		};
/* End PBXVariantGroup section */

/* Begin XCBuildConfiguration section */
		905F9F722215544D0031AAA2 /* Debug */ = {
			isa = XCBuildConfiguration;
			buildSettings = {
				ALWAYS_SEARCH_USER_PATHS = NO;
				CLANG_ANALYZER_NONNULL = YES;
				CLANG_ANALYZER_NUMBER_OBJECT_CONVERSION = YES_AGGRESSIVE;
				CLANG_CXX_LANGUAGE_STANDARD = "gnu++14";
				CLANG_CXX_LIBRARY = "libc++";
				CLANG_ENABLE_MODULES = YES;
				CLANG_ENABLE_OBJC_ARC = YES;
				CLANG_ENABLE_OBJC_WEAK = YES;
				CLANG_WARN_BLOCK_CAPTURE_AUTORELEASING = YES;
				CLANG_WARN_BOOL_CONVERSION = YES;
				CLANG_WARN_COMMA = YES;
				CLANG_WARN_CONSTANT_CONVERSION = YES;
				CLANG_WARN_DEPRECATED_OBJC_IMPLEMENTATIONS = YES;
				CLANG_WARN_DIRECT_OBJC_ISA_USAGE = YES_ERROR;
				CLANG_WARN_DOCUMENTATION_COMMENTS = YES;
				CLANG_WARN_EMPTY_BODY = YES;
				CLANG_WARN_ENUM_CONVERSION = YES;
				CLANG_WARN_INFINITE_RECURSION = YES;
				CLANG_WARN_INT_CONVERSION = YES;
				CLANG_WARN_NON_LITERAL_NULL_CONVERSION = YES;
				CLANG_WARN_OBJC_IMPLICIT_RETAIN_SELF = YES;
				CLANG_WARN_OBJC_LITERAL_CONVERSION = YES;
				CLANG_WARN_OBJC_ROOT_CLASS = YES_ERROR;
				CLANG_WARN_RANGE_LOOP_ANALYSIS = YES;
				CLANG_WARN_STRICT_PROTOTYPES = YES;
				CLANG_WARN_SUSPICIOUS_MOVE = YES;
				CLANG_WARN_UNGUARDED_AVAILABILITY = YES_AGGRESSIVE;
				CLANG_WARN_UNREACHABLE_CODE = YES;
				CLANG_WARN__DUPLICATE_METHOD_MATCH = YES;
				CODE_SIGN_IDENTITY = "iPhone Developer";
				COPY_PHASE_STRIP = NO;
				DEBUG_INFORMATION_FORMAT = dwarf;
				ENABLE_STRICT_OBJC_MSGSEND = YES;
				ENABLE_TESTABILITY = YES;
				GCC_C_LANGUAGE_STANDARD = gnu11;
				GCC_DYNAMIC_NO_PIC = NO;
				GCC_NO_COMMON_BLOCKS = YES;
				GCC_OPTIMIZATION_LEVEL = 0;
				GCC_PREPROCESSOR_DEFINITIONS = (
					"DEBUG=1",
					"$(inherited)",
				);
				GCC_WARN_64_TO_32_BIT_CONVERSION = YES;
				GCC_WARN_ABOUT_RETURN_TYPE = YES_ERROR;
				GCC_WARN_UNDECLARED_SELECTOR = YES;
				GCC_WARN_UNINITIALIZED_AUTOS = YES_AGGRESSIVE;
				GCC_WARN_UNUSED_FUNCTION = YES;
				GCC_WARN_UNUSED_VARIABLE = YES;
				IPHONEOS_DEPLOYMENT_TARGET = 12.0;
				MTL_ENABLE_DEBUG_INFO = INCLUDE_SOURCE;
				MTL_FAST_MATH = YES;
				ONLY_ACTIVE_ARCH = YES;
				SDKROOT = iphoneos;
				SWIFT_ACTIVE_COMPILATION_CONDITIONS = DEBUG;
				SWIFT_OPTIMIZATION_LEVEL = "-Onone";
			};
			name = Debug;
		};
		905F9F732215544D0031AAA2 /* Release */ = {
			isa = XCBuildConfiguration;
			buildSettings = {
				ALWAYS_SEARCH_USER_PATHS = NO;
				CLANG_ANALYZER_NONNULL = YES;
				CLANG_ANALYZER_NUMBER_OBJECT_CONVERSION = YES_AGGRESSIVE;
				CLANG_CXX_LANGUAGE_STANDARD = "gnu++14";
				CLANG_CXX_LIBRARY = "libc++";
				CLANG_ENABLE_MODULES = YES;
				CLANG_ENABLE_OBJC_ARC = YES;
				CLANG_ENABLE_OBJC_WEAK = YES;
				CLANG_WARN_BLOCK_CAPTURE_AUTORELEASING = YES;
				CLANG_WARN_BOOL_CONVERSION = YES;
				CLANG_WARN_COMMA = YES;
				CLANG_WARN_CONSTANT_CONVERSION = YES;
				CLANG_WARN_DEPRECATED_OBJC_IMPLEMENTATIONS = YES;
				CLANG_WARN_DIRECT_OBJC_ISA_USAGE = YES_ERROR;
				CLANG_WARN_DOCUMENTATION_COMMENTS = YES;
				CLANG_WARN_EMPTY_BODY = YES;
				CLANG_WARN_ENUM_CONVERSION = YES;
				CLANG_WARN_INFINITE_RECURSION = YES;
				CLANG_WARN_INT_CONVERSION = YES;
				CLANG_WARN_NON_LITERAL_NULL_CONVERSION = YES;
				CLANG_WARN_OBJC_IMPLICIT_RETAIN_SELF = YES;
				CLANG_WARN_OBJC_LITERAL_CONVERSION = YES;
				CLANG_WARN_OBJC_ROOT_CLASS = YES_ERROR;
				CLANG_WARN_RANGE_LOOP_ANALYSIS = YES;
				CLANG_WARN_STRICT_PROTOTYPES = YES;
				CLANG_WARN_SUSPICIOUS_MOVE = YES;
				CLANG_WARN_UNGUARDED_AVAILABILITY = YES_AGGRESSIVE;
				CLANG_WARN_UNREACHABLE_CODE = YES;
				CLANG_WARN__DUPLICATE_METHOD_MATCH = YES;
				CODE_SIGN_IDENTITY = "iPhone Developer";
				COPY_PHASE_STRIP = NO;
				DEBUG_INFORMATION_FORMAT = "dwarf-with-dsym";
				ENABLE_NS_ASSERTIONS = NO;
				ENABLE_STRICT_OBJC_MSGSEND = YES;
				GCC_C_LANGUAGE_STANDARD = gnu11;
				GCC_NO_COMMON_BLOCKS = YES;
				GCC_WARN_64_TO_32_BIT_CONVERSION = YES;
				GCC_WARN_ABOUT_RETURN_TYPE = YES_ERROR;
				GCC_WARN_UNDECLARED_SELECTOR = YES;
				GCC_WARN_UNINITIALIZED_AUTOS = YES_AGGRESSIVE;
				GCC_WARN_UNUSED_FUNCTION = YES;
				GCC_WARN_UNUSED_VARIABLE = YES;
				IPHONEOS_DEPLOYMENT_TARGET = 12.0;
				MTL_ENABLE_DEBUG_INFO = NO;
				MTL_FAST_MATH = YES;
				SDKROOT = iphoneos;
				SWIFT_COMPILATION_MODE = wholemodule;
				SWIFT_OPTIMIZATION_LEVEL = "-O";
				VALIDATE_PRODUCT = YES;
			};
			name = Release;
		};
		905F9F752215544D0031AAA2 /* Debug */ = {
			isa = XCBuildConfiguration;
			buildSettings = {
				ASSETCATALOG_COMPILER_APPICON_NAME = AppIcon;
				CODE_SIGN_STYLE = Automatic;
				DEVELOPMENT_TEAM = "";
				INFOPLIST_FILE = CreditCardValidator/Info.plist;
				IPHONEOS_DEPLOYMENT_TARGET = 11.0;
				LD_RUNPATH_SEARCH_PATHS = (
					"$(inherited)",
					"@executable_path/Frameworks",
				);
				PRODUCT_BUNDLE_IDENTIFIER = XYZ.CreditCardValidator;
				PRODUCT_NAME = "$(TARGET_NAME)";
				PROVISIONING_PROFILE_SPECIFIER = "";
				SWIFT_VERSION = 4.2;
				TARGETED_DEVICE_FAMILY = 1;
			};
			name = Debug;
		};
		905F9F762215544D0031AAA2 /* Release */ = {
			isa = XCBuildConfiguration;
			buildSettings = {
				ASSETCATALOG_COMPILER_APPICON_NAME = AppIcon;
				CODE_SIGN_STYLE = Automatic;
				DEVELOPMENT_TEAM = "";
				INFOPLIST_FILE = CreditCardValidator/Info.plist;
				IPHONEOS_DEPLOYMENT_TARGET = 11.0;
				LD_RUNPATH_SEARCH_PATHS = (
					"$(inherited)",
					"@executable_path/Frameworks",
				);
				PRODUCT_BUNDLE_IDENTIFIER = XYZ.CreditCardValidator;
				PRODUCT_NAME = "$(TARGET_NAME)";
				PROVISIONING_PROFILE_SPECIFIER = "";
				SWIFT_VERSION = 4.2;
				TARGETED_DEVICE_FAMILY = 1;
			};
			name = Release;
		};
		905F9F782215544D0031AAA2 /* Debug */ = {
			isa = XCBuildConfiguration;
			buildSettings = {
				ALWAYS_EMBED_SWIFT_STANDARD_LIBRARIES = YES;
				BUNDLE_LOADER = "$(TEST_HOST)";
				CODE_SIGN_STYLE = Automatic;
				INFOPLIST_FILE = CreditCardValidatorTests/Info.plist;
				LD_RUNPATH_SEARCH_PATHS = (
					"$(inherited)",
					"@executable_path/Frameworks",
					"@loader_path/Frameworks",
				);
				PRODUCT_BUNDLE_IDENTIFIER = XYZ.CreditCardValidatorTests;
				PRODUCT_NAME = "$(TARGET_NAME)";
				SWIFT_VERSION = 4.2;
				TARGETED_DEVICE_FAMILY = "1,2";
				TEST_HOST = "$(BUILT_PRODUCTS_DIR)/CreditCardValidator.app/CreditCardValidator";
			};
			name = Debug;
		};
		905F9F792215544D0031AAA2 /* Release */ = {
			isa = XCBuildConfiguration;
			buildSettings = {
				ALWAYS_EMBED_SWIFT_STANDARD_LIBRARIES = YES;
				BUNDLE_LOADER = "$(TEST_HOST)";
				CODE_SIGN_STYLE = Automatic;
				INFOPLIST_FILE = CreditCardValidatorTests/Info.plist;
				LD_RUNPATH_SEARCH_PATHS = (
					"$(inherited)",
					"@executable_path/Frameworks",
					"@loader_path/Frameworks",
				);
				PRODUCT_BUNDLE_IDENTIFIER = XYZ.CreditCardValidatorTests;
				PRODUCT_NAME = "$(TARGET_NAME)";
				SWIFT_VERSION = 4.2;
				TARGETED_DEVICE_FAMILY = "1,2";
				TEST_HOST = "$(BUILT_PRODUCTS_DIR)/CreditCardValidator.app/CreditCardValidator";
			};
			name = Release;
		};
/* End XCBuildConfiguration section */

/* Begin XCConfigurationList section */
		905F9F522215544B0031AAA2 /* Build configuration list for PBXProject "CreditCardValidator" */ = {
			isa = XCConfigurationList;
			buildConfigurations = (
				905F9F722215544D0031AAA2 /* Debug */,
				905F9F732215544D0031AAA2 /* Release */,
			);
			defaultConfigurationIsVisible = 0;
			defaultConfigurationName = Release;
		};
		905F9F742215544D0031AAA2 /* Build configuration list for PBXNativeTarget "CreditCardValidator" */ = {
			isa = XCConfigurationList;
			buildConfigurations = (
				905F9F752215544D0031AAA2 /* Debug */,
				905F9F762215544D0031AAA2 /* Release */,
			);
			defaultConfigurationIsVisible = 0;
			defaultConfigurationName = Release;
		};
		905F9F772215544D0031AAA2 /* Build configuration list for PBXNativeTarget "CreditCardValidatorTests" */ = {
			isa = XCConfigurationList;
			buildConfigurations = (
				905F9F782215544D0031AAA2 /* Debug */,
				905F9F792215544D0031AAA2 /* Release */,
			);
			defaultConfigurationIsVisible = 0;
			defaultConfigurationName = Release;
		};
/* End XCConfigurationList section */
	};
	rootObject = 905F9F4F2215544B0031AAA2 /* Project object */;
}
