// !$*UTF8*$!
{
	archiveVersion = 1;
	classes = {
	};
	objectVersion = 50;
	objects = {

/* Begin PBXBuildFile section */
		905F9F5B2215544B0031AAA2 /* AppDelegate.swift in Sources */ = {isa = PBXBuildFile; fileRef = 905F9F5A2215544B0031AAA2 /* AppDelegate.swift */; };
		905F9F5D2215544B0031AAA2 /* ViewController.swift in Sources */ = {isa = PBXBuildFile; fileRef = 905F9F5C2215544B0031AAA2 /* ViewController.swift */; };
		905F9F602215544B0031AAA2 /* Main.storyboard in Resources */ = {isa = PBXBuildFile; fileRef = 905F9F5E2215544B0031AAA2 /* Main.storyboard */; };
		905F9F622215544D0031AAA2 /* Assets.xcassets in Resources */ = {isa = PBXBuildFile; fileRef = 905F9F612215544D0031AAA2 /* Assets.xcassets */; };
		905F9F652215544D0031AAA2 /* LaunchScreen.storyboard in Resources */ = {isa = PBXBuildFile; fileRef = 905F9F632215544D0031AAA2 /* LaunchScreen.storyboard */; };
		905F9F702215544D0031AAA2 /* CreditCardValidatorTests.swift in Sources */ = {isa = PBXBuildFile; fileRef = 905F9F6F2215544D0031AAA2 /* CreditCardValidatorTests.swift */; };
/* End PBXBuildFile section */

/* Begin PBXContainerItemProxy section */
		905F9F6C2215544D0031AAA2 /* PBXContainerItemProxy */ = {
			isa = PBXContainerItemProxy;
			containerPortal = 905F9F4F2215544B0031AAA2 /* Project object */;
			proxyType = 1;
			remoteGlobalIDString = 905F9F562215544B0031AAA2;
			remoteInfo = CreditCardValidator;
		};
/* End PBXContainerItemProxy section */

/* Begin PBXFileReference section */
		905F9F572215544B0031AAA2 /* CreditCardValidator.app */ = {isa = PBXFileReference; explicitFileType = wrapper.application; includeInIndex = 0; path = CreditCardValidator.app; sourceTree = BUILT_PRODUCTS_DIR; };
		905F9F5A2215544B0031AAA2 /* AppDelegate.swift */ = {isa = PBXFileReference; lastKnownFileType = sourcecode.swift; path = AppDelegate.swift; sourceTree = "<group>"; };
		905F9F5C2215544B0031AAA2 /* ViewController.swift */ = {isa = PBXFileReference; lastKnownFileType = sourcecode.swift; path = ViewController.swift; sourceTree = "<group>"; };
		905F9F5F2215544B0031AAA2 /* Base */ = {isa = PBXFileReference; lastKnownFileType = file.storyboard; name = Base; path = Base.lproj/Main.storyboard; sourceTree = "<group>"; };
		905F9F612215544D0031AAA2 /* Assets.xcassets */ = {isa = PBXFileReference; lastKnownFileType = folder.assetcatalog; path = Assets.xcassets; sourceTree = "<group>"; };
		905F9F642215544D0031AAA2 /* Base */ = {isa = PBXFileReference; lastKnownFileType = file.storyboard; name = Base; path = Base.lproj/LaunchScreen.storyboard; sourceTree = "<group>"; };
		905F9F662215544D0031AAA2 /* Info.plist */ = {isa = PBXFileReference; lastKnownFileType = text.plist.xml; path = Info.plist; sourceTree = "<group>"; };
		905F9F6B2215544D0031AAA2 /* CreditCardValidatorTests.xctest */ = {isa = PBXFileReference; explicitFileType = wrapper.cfbundle; includeInIndex = 0; path = CreditCardValidatorTests.xctest; sourceTree = BUILT_PRODUCTS_DIR; };
		905F9F6F2215544D0031AAA2 /* CreditCardValidatorTests.swift */ = {isa = PBXFileReference; lastKnownFileType = sourcecode.swift; path = CreditCardValidatorTests.swift; sourceTree = "<group>"; };
		905F9F712215544D0031AAA2 /* Info.plist */ = {isa = PBXFileReference; lastKnownFileType = text.plist.xml; path = Info.plist; sourceTree = "<group>"; };
/* End PBXFileReference section */

/* Begin PBXFrameworksBuildPhase section */
		905F9F542215544B0031AAA2 /* Frameworks */ = {
			isa = PBXFrameworksBuildPhase;
			buildActionMask = 2147483647;
			files = (
			);
			runOnlyForDeploymentPostprocessing = 0;
		};
		905F9F682215544D0031AAA2 /* Frameworks */ = {
			isa = PBXFrameworksBuildPhase;
			buildActionMask = 2147483647;
			files = (
			);
			runOnlyForDeploymentPostprocessing = 0;
		};
/* End PBXFrameworksBuildPhase section */

/* Begin PBXGroup section */
		905F9F4E2215544B0031AAA2 = {
			isa = PBXGroup;
			children = (
				905F9F592215544B0031AAA2 /* CreditCardValidator */,
				905F9F6E2215544D0031AAA2 /* CreditCardValidatorTests */,
				905F9F582215544B0031AAA2 /* Products */,
			);
			sourceTree = "<group>";
		};
		905F9F582215544B0031AAA2 /* Products */ = {
			isa = PBXGroup;
			children = (
				905F9F572215544B0031AAA2 /* CreditCardValidator.app */,
				905F9F6B2215544D0031AAA2 /* CreditCardValidatorTests.xctest */,
			);
			name = Products;
			sourceTree = "<group>";
		};
		905F9F592215544B0031AAA2 /* CreditCardValidator */ = {
			isa = PBXGroup;
			children = (
				905F9F5A2215544B0031AAA2 /* AppDelegate.swift */,
				905F9F5C2215544B0031AAA2 /* ViewController.swift */,
				905F9F5E2215544B0031AAA2 /* Main.storyboard */,
				905F9F612215544D0031AAA2 /* Assets.xcassets */,
				905F9F632215544D0031AAA2 /* LaunchScreen.storyboard */,
				905F9F662215544D0031AAA2 /* Info.plist */,
			);
			path = CreditCardValidator;
			sourceTree = "<group>";
		};
		905F9F6E2215544D0031AAA2 /* CreditCardValidatorTests */ = {
			isa = PBXGroup;
			children = (
				905F9F6F2215544D0031AAA2 /* CreditCardValidatorTests.swift */,
				905F9F712215544D0031AAA2 /* Info.plist */,
			);
			path = CreditCardValidatorTests;
			sourceTree = "<group>";
		};
/* End PBXGroup section */

/* Begin PBXNativeTarget section */
		905F9F562215544B0031AAA2 /* CreditCardValidator */ = {
			isa = PBXNativeTarget;
			buildConfigurationList = 905F9F742215544D0031AAA2 /* Build configuration list for PBXNativeTarget "CreditCardValidator" */;
			buildPhases = (
				905F9F532215544B0031AAA2 /* Sources */,
				905F9F542215544B0031AAA2 /* Frameworks */,
				905F9F552215544B0031AAA2 /* Resources */,
			);
			buildRules = (
			);
			dependencies = (
			);
			name = CreditCardValidator;
			productName = CreditCardValidator;
			productReference = 905F9F572215544B0031AAA2 /* CreditCardValidator.app */;
			productType = "com.apple.product-type.application";
		};
		905F9F6A2215544D0031AAA2 /* CreditCardValidatorTests */ = {
			isa = PBXNativeTarget;
			buildConfigurationList = 905F9F772215544D0031AAA2 /* Build configuration list for PBXNativeTarget "CreditCardValidatorTests" */;
			buildPhases = (
				905F9F672215544D0031AAA2 /* Sources */,
				905F9F682215544D0031AAA2 /* Frameworks */,
				905F9F692215544D0031AAA2 /* Resources */,
			);
			buildRules = (
			);
			dependencies = (
				905F9F6D2215544D0031AAA2 /* PBXTargetDependency */,
			);
			name = CreditCardValidatorTests;
			productName = CreditCardValidatorTests;
			productReference = 905F9F6B2215544D0031AAA2 /* CreditCardValidatorTests.xctest */;
			productType = "com.apple.product-type.bundle.unit-test";
		};
/* End PBXNativeTarget section */

/* Begin PBXProject section */
		905F9F4F2215544B0031AAA2 /* Project object */ = {
			isa = PBXProject;
			attributes = {
				LastSwiftUpdateCheck = 1000;
				LastUpgradeCheck = 1000;
				ORGANIZATIONNAME = "Banerjee,Subhodip";
				TargetAttributes = {
					905F9F562215544B0031AAA2 = {
						CreatedOnToolsVersion = 10.0;
					};
					905F9F6A2215544D0031AAA2 = {
						CreatedOnToolsVersion = 10.0;
						TestTargetID = 905F9F562215544B0031AAA2;
					};
				};
			};
			buildConfigurationList = 905F9F522215544B0031AAA2 /* Build configuration list for PBXProject "CreditCardValidator" */;
			compatibilityVersion = "Xcode 9.3";
			developmentRegion = en;
			hasScannedForEncodings = 0;
			knownRegions = (
				en,
				Base,
			);
			mainGroup = 905F9F4E2215544B0031AAA2;
			productRefGroup = 905F9F582215544B0031AAA2 /* Products */;
			projectDirPath = "";
			projectRoot = "";
			targets = (
				905F9F562215544B0031AAA2 /* CreditCardValidator */,
				905F9F6A2215544D0031AAA2 /* CreditCardValidatorTests */,
			);
		};
/* End PBXProject section */

/* Begin PBXResourcesBuildPhase section */
		905F9F552215544B0031AAA2 /* Resources */ = {
			isa = PBXResourcesBuildPhase;
			buildActionMask = 2147483647;
			files = (
				905F9F652215544D0031AAA2 /* LaunchScreen.storyboard in Resources */,
				905F9F622215544D0031AAA2 /* Assets.xcassets in Resources */,
				905F9F602215544B0031AAA2 /* Main.storyboard in Resources */,
			);
			runOnlyForDeploymentPostprocessing = 0;
		};
		905F9F692215544D0031AAA2 /* Resources */ = {
			isa = PBXResourcesBuildPhase;
			buildActionMask = 2147483647;
			files = (
			);
			runOnlyForDeploymentPostprocessing = 0;
		};
/* End PBXResourcesBuildPhase section */

/* Begin PBXSourcesBuildPhase section */
		905F9F532215544B0031AAA2 /* Sources */ = {
			isa = PBXSourcesBuildPhase;
			buildActionMask = 2147483647;
			files = (
				905F9F5D2215544B0031AAA2 /* ViewController.swift in Sources */,
				905F9F5B2215544B0031AAA2 /* AppDelegate.swift in Sources */,
			);
			runOnlyForDeploymentPostprocessing = 0;
		};
		905F9F672215544D0031AAA2 /* Sources */ = {
			isa = PBXSourcesBuildPhase;
			buildActionMask = 2147483647;
			files = (
				905F9F702215544D0031AAA2 /* CreditCardValidatorTests.swift in Sources */,
			);
			runOnlyForDeploymentPostprocessing = 0;
		};
/* End PBXSourcesBuildPhase section */

/* Begin PBXTargetDependency section */
		905F9F6D2215544D0031AAA2 /* PBXTargetDependency */ = {
			isa = PBXTargetDependency;
			target = 905F9F562215544B0031AAA2 /* CreditCardValidator */;
			targetProxy = 905F9F6C2215544D0031AAA2 /* PBXContainerItemProxy */;
		};
/* End PBXTargetDependency section */

/* Begin PBXVariantGroup section */
		905F9F5E2215544B0031AAA2 /* Main.storyboard */ = {
			isa = PBXVariantGroup;
			children = (
				905F9F5F2215544B0031AAA2 /* Base */,
			);
			name = Main.storyboard;
			sourceTree = "<group>";
		};
		905F9F632215544D0031AAA2 /* LaunchScreen.storyboard */ = {
			isa = PBXVariantGroup;
			children = (
				905F9F642215544D0031AAA2 /* Base */,
			);
			name = LaunchScreen.storyboard;
			sourceTree = "<group>";
		};
/* End PBXVariantGroup section */

/* Begin XCBuildConfiguration section */
		905F9F722215544D0031AAA2 /* Debug */ = {
			isa = XCBuildConfiguration;
			buildSettings = {
				ALWAYS_SEARCH_USER_PATHS = NO;
				CLANG_ANALYZER_NONNULL = YES;
				CLANG_ANALYZER_NUMBER_OBJECT_CONVERSION = YES_AGGRESSIVE;
				CLANG_CXX_LANGUAGE_STANDARD = "gnu++14";
				CLANG_CXX_LIBRARY = "libc++";
				CLANG_ENABLE_MODULES = YES;
				CLANG_ENABLE_OBJC_ARC = YES;
				CLANG_ENABLE_OBJC_WEAK = YES;
				CLANG_WARN_BLOCK_CAPTURE_AUTORELEASING = YES;
				CLANG_WARN_BOOL_CONVERSION = YES;
				CLANG_WARN_COMMA = YES;
				CLANG_WARN_CONSTANT_CONVERSION = YES;
				CLANG_WARN_DEPRECATED_OBJC_IMPLEMENTATIONS = YES;
				CLANG_WARN_DIRECT_OBJC_ISA_USAGE = YES_ERROR;
				CLANG_WARN_DOCUMENTATION_COMMENTS = YES;
				CLANG_WARN_EMPTY_BODY = YES;
				CLANG_WARN_ENUM_CONVERSION = YES;
				CLANG_WARN_INFINITE_RECURSION = YES;
				CLANG_WARN_INT_CONVERSION = YES;
				CLANG_WARN_NON_LITERAL_NULL_CONVERSION = YES;
				CLANG_WARN_OBJC_IMPLICIT_RETAIN_SELF = YES;
				CLANG_WARN_OBJC_LITERAL_CONVERSION = YES;
				CLANG_WARN_OBJC_ROOT_CLASS = YES_ERROR;
				CLANG_WARN_RANGE_LOOP_ANALYSIS = YES;
				CLANG_WARN_STRICT_PROTOTYPES = YES;
				CLANG_WARN_SUSPICIOUS_MOVE = YES;
				CLANG_WARN_UNGUARDED_AVAILABILITY = YES_AGGRESSIVE;
				CLANG_WARN_UNREACHABLE_CODE = YES;
				CLANG_WARN__DUPLICATE_METHOD_MATCH = YES;
				CODE_SIGN_IDENTITY = "iPhone Developer";
				COPY_PHASE_STRIP = NO;
				DEBUG_INFORMATION_FORMAT = dwarf;
				ENABLE_STRICT_OBJC_MSGSEND = YES;
				ENABLE_TESTABILITY = YES;
				GCC_C_LANGUAGE_STANDARD = gnu11;
				GCC_DYNAMIC_NO_PIC = NO;
				GCC_NO_COMMON_BLOCKS = YES;
				GCC_OPTIMIZATION_LEVEL = 0;
				GCC_PREPROCESSOR_DEFINITIONS = (
					"DEBUG=1",
					"$(inherited)",
				);
				GCC_WARN_64_TO_32_BIT_CONVERSION = YES;
				GCC_WARN_ABOUT_RETURN_TYPE = YES_ERROR;
				GCC_WARN_UNDECLARED_SELECTOR = YES;
				GCC_WARN_UNINITIALIZED_AUTOS = YES_AGGRESSIVE;
				GCC_WARN_UNUSED_FUNCTION = YES;
				GCC_WARN_UNUSED_VARIABLE = YES;
				IPHONEOS_DEPLOYMENT_TARGET = 12.0;
				MTL_ENABLE_DEBUG_INFO = INCLUDE_SOURCE;
				MTL_FAST_MATH = YES;
				ONLY_ACTIVE_ARCH = YES;
				SDKROOT = iphoneos;
				SWIFT_ACTIVE_COMPILATION_CONDITIONS = DEBUG;
				SWIFT_OPTIMIZATION_LEVEL = "-Onone";
			};
			name = Debug;
		};
		905F9F732215544D0031AAA2 /* Release */ = {
			isa = XCBuildConfiguration;
			buildSettings = {
				ALWAYS_SEARCH_USER_PATHS = NO;
				CLANG_ANALYZER_NONNULL = YES;
				CLANG_ANALYZER_NUMBER_OBJECT_CONVERSION = YES_AGGRESSIVE;
				CLANG_CXX_LANGUAGE_STANDARD = "gnu++14";
				CLANG_CXX_LIBRARY = "libc++";
				CLANG_ENABLE_MODULES = YES;
				CLANG_ENABLE_OBJC_ARC = YES;
				CLANG_ENABLE_OBJC_WEAK = YES;
				CLANG_WARN_BLOCK_CAPTURE_AUTORELEASING = YES;
				CLANG_WARN_BOOL_CONVERSION = YES;
				CLANG_WARN_COMMA = YES;
				CLANG_WARN_CONSTANT_CONVERSION = YES;
				CLANG_WARN_DEPRECATED_OBJC_IMPLEMENTATIONS = YES;
				CLANG_WARN_DIRECT_OBJC_ISA_USAGE = YES_ERROR;
				CLANG_WARN_DOCUMENTATION_COMMENTS = YES;
				CLANG_WARN_EMPTY_BODY = YES;
				CLANG_WARN_ENUM_CONVERSION = YES;
				CLANG_WARN_INFINITE_RECURSION = YES;
				CLANG_WARN_INT_CONVERSION = YES;
				CLANG_WARN_NON_LITERAL_NULL_CONVERSION = YES;
				CLANG_WARN_OBJC_IMPLICIT_RETAIN_SELF = YES;
				CLANG_WARN_OBJC_LITERAL_CONVERSION = YES;
				CLANG_WARN_OBJC_ROOT_CLASS = YES_ERROR;
				CLANG_WARN_RANGE_LOOP_ANALYSIS = YES;
				CLANG_WARN_STRICT_PROTOTYPES = YES;
				CLANG_WARN_SUSPICIOUS_MOVE = YES;
				CLANG_WARN_UNGUARDED_AVAILABILITY = YES_AGGRESSIVE;
				CLANG_WARN_UNREACHABLE_CODE = YES;
				CLANG_WARN__DUPLICATE_METHOD_MATCH = YES;
				CODE_SIGN_IDENTITY = "iPhone Developer";
				COPY_PHASE_STRIP = NO;
				DEBUG_INFORMATION_FORMAT = "dwarf-with-dsym";
				ENABLE_NS_ASSERTIONS = NO;
				ENABLE_STRICT_OBJC_MSGSEND = YES;
				GCC_C_LANGUAGE_STANDARD = gnu11;
				GCC_NO_COMMON_BLOCKS = YES;
				GCC_WARN_64_TO_32_BIT_CONVERSION = YES;
				GCC_WARN_ABOUT_RETURN_TYPE = YES_ERROR;
				GCC_WARN_UNDECLARED_SELECTOR = YES;
				GCC_WARN_UNINITIALIZED_AUTOS = YES_AGGRESSIVE;
				GCC_WARN_UNUSED_FUNCTION = YES;
				GCC_WARN_UNUSED_VARIABLE = YES;
				IPHONEOS_DEPLOYMENT_TARGET = 12.0;
				MTL_ENABLE_DEBUG_INFO = NO;
				MTL_FAST_MATH = YES;
				SDKROOT = iphoneos;
				SWIFT_COMPILATION_MODE = wholemodule;
				SWIFT_OPTIMIZATION_LEVEL = "-O";
				VALIDATE_PRODUCT = YES;
			};
			name = Release;
		};
		905F9F752215544D0031AAA2 /* Debug */ = {
			isa = XCBuildConfiguration;
			buildSettings = {
				ASSETCATALOG_COMPILER_APPICON_NAME = AppIcon;
				CODE_SIGN_STYLE = Automatic;
				INFOPLIST_FILE = CreditCardValidator/Info.plist;
				LD_RUNPATH_SEARCH_PATHS = (
					"$(inherited)",
					"@executable_path/Frameworks",
				);
				PRODUCT_BUNDLE_IDENTIFIER = XYZ.CreditCardValidator;
				PRODUCT_NAME = "$(TARGET_NAME)";
				SWIFT_VERSION = 4.2;
				TARGETED_DEVICE_FAMILY = 1;
			};
			name = Debug;
		};
		905F9F762215544D0031AAA2 /* Release */ = {
			isa = XCBuildConfiguration;
			buildSettings = {
				ASSETCATALOG_COMPILER_APPICON_NAME = AppIcon;
				CODE_SIGN_STYLE = Automatic;
				INFOPLIST_FILE = CreditCardValidator/Info.plist;
				LD_RUNPATH_SEARCH_PATHS = (
					"$(inherited)",
					"@executable_path/Frameworks",
				);
				PRODUCT_BUNDLE_IDENTIFIER = XYZ.CreditCardValidator;
				PRODUCT_NAME = "$(TARGET_NAME)";
				SWIFT_VERSION = 4.2;
				TARGETED_DEVICE_FAMILY = 1;
			};
			name = Release;
		};
		905F9F782215544D0031AAA2 /* Debug */ = {
			isa = XCBuildConfiguration;
			buildSettings = {
				ALWAYS_EMBED_SWIFT_STANDARD_LIBRARIES = YES;
				BUNDLE_LOADER = "$(TEST_HOST)";
				CODE_SIGN_STYLE = Automatic;
				INFOPLIST_FILE = CreditCardValidatorTests/Info.plist;
				LD_RUNPATH_SEARCH_PATHS = (
					"$(inherited)",
					"@executable_path/Frameworks",
					"@loader_path/Frameworks",
				);
				PRODUCT_BUNDLE_IDENTIFIER = XYZ.CreditCardValidatorTests;
				PRODUCT_NAME = "$(TARGET_NAME)";
				SWIFT_VERSION = 4.2;
				TARGETED_DEVICE_FAMILY = "1,2";
				TEST_HOST = "$(BUILT_PRODUCTS_DIR)/CreditCardValidator.app/CreditCardValidator";
			};
			name = Debug;
		};
		905F9F792215544D0031AAA2 /* Release */ = {
			isa = XCBuildConfiguration;
			buildSettings = {
				ALWAYS_EMBED_SWIFT_STANDARD_LIBRARIES = YES;
				BUNDLE_LOADER = "$(TEST_HOST)";
				CODE_SIGN_STYLE = Automatic;
				INFOPLIST_FILE = CreditCardValidatorTests/Info.plist;
				LD_RUNPATH_SEARCH_PATHS = (
					"$(inherited)",
					"@executable_path/Frameworks",
					"@loader_path/Frameworks",
				);
				PRODUCT_BUNDLE_IDENTIFIER = XYZ.CreditCardValidatorTests;
				PRODUCT_NAME = "$(TARGET_NAME)";
				SWIFT_VERSION = 4.2;
				TARGETED_DEVICE_FAMILY = "1,2";
				TEST_HOST = "$(BUILT_PRODUCTS_DIR)/CreditCardValidator.app/CreditCardValidator";
			};
			name = Release;
		};
/* End XCBuildConfiguration section */

/* Begin XCConfigurationList section */
		905F9F522215544B0031AAA2 /* Build configuration list for PBXProject "CreditCardValidator" */ = {
			isa = XCConfigurationList;
			buildConfigurations = (
				905F9F722215544D0031AAA2 /* Debug */,
				905F9F732215544D0031AAA2 /* Release */,
			);
			defaultConfigurationIsVisible = 0;
			defaultConfigurationName = Release;
		};
		905F9F742215544D0031AAA2 /* Build configuration list for PBXNativeTarget "CreditCardValidator" */ = {
			isa = XCConfigurationList;
			buildConfigurations = (
				905F9F752215544D0031AAA2 /* Debug */,
				905F9F762215544D0031AAA2 /* Release */,
			);
			defaultConfigurationIsVisible = 0;
			defaultConfigurationName = Release;
		};
		905F9F772215544D0031AAA2 /* Build configuration list for PBXNativeTarget "CreditCardValidatorTests" */ = {
			isa = XCConfigurationList;
			buildConfigurations = (
				905F9F782215544D0031AAA2 /* Debug */,
				905F9F792215544D0031AAA2 /* Release */,
			);
			defaultConfigurationIsVisible = 0;
			defaultConfigurationName = Release;
		};
/* End XCConfigurationList section */
	};
	rootObject = 905F9F4F2215544B0031AAA2 /* Project object */;
}
